
Microsoft Visual Studio Solution File, Format Version 12.00
# Visual Studio 14
VisualStudioVersion = 14.0.25123.0
MinimumVisualStudioVersion = 10.0.40219.1
Project("{FAE04EC0-301F-11D3-BF4B-00C04F79EFBC}") = "MikeRobbins.SUGCON.Beacons.Website", "MikeRobbins.SUGCON.Beacons.Website\MikeRobbins.SUGCON.Beacons.Website.csproj", "{49D09924-ACF7-4439-906E-901978FAC1A4}"
EndProject
Project("{FAE04EC0-301F-11D3-BF4B-00C04F79EFBC}") = "MikeRobbins.SUGCON.Beacons.Kiosk", "MikeRobbins.SUGCON.Beacons.Kiosk\MikeRobbins.SUGCON.Beacons.Kiosk.csproj", "{C41B984E-973D-489C-A517-BA6772688C75}"
EndProject
Project("{FAE04EC0-301F-11D3-BF4B-00C04F79EFBC}") = "MikeRobbins.SUGCON.Beacons.Proxy", "MikeRobbins.SUGCON.Beacons.Proxy\MikeRobbins.SUGCON.Beacons.Proxy.csproj", "{C28A160F-7816-4C8A-9E27-E7617510F4ED}"
EndProject
Project("{2150E333-8FDC-42A3-9474-1A3956D46DE8}") = "src", "src", "{E9F1B562-A080-4CA2-B2E7-1B57D6CA7D7D}"
EndProject
Project("{2150E333-8FDC-42A3-9474-1A3956D46DE8}") = "Feature", "Feature", "{883256A2-5CC3-4722-B89A-29D1EC855753}"
EndProject
Project("{2150E333-8FDC-42A3-9474-1A3956D46DE8}") = "Project", "Project", "{7AA5E349-0157-459D-A5BD-D04829B3036C}"
EndProject
Project("{2150E333-8FDC-42A3-9474-1A3956D46DE8}") = "Foundation", "Foundation", "{5CC61618-EDD1-4889-A0EA-ABDD7F5F8C21}"
EndProject
Project("{FAE04EC0-301F-11D3-BF4B-00C04F79EFBC}") = "MikeRobbins.SUGCON.Beacons.Website.xDBWebApi", "MikeRobbins.SUGCON.Beacons.Website.xDBWebApi\MikeRobbins.SUGCON.Beacons.Website.xDBWebApi.csproj", "{7566F37E-585D-4F6B-9091-EEC8CFAA763F}"
EndProject
Project("{FAE04EC0-301F-11D3-BF4B-00C04F79EFBC}") = "MikeRobbins.SUGCON.Beacons.Website.xDB", "MikeRobbins.SUGCON.Beacons.Website.xDB\MikeRobbins.SUGCON.Beacons.Website.xDB.csproj", "{3686BC97-FBA6-4E31-BDCD-24BFBE60DE59}"
EndProject
Project("{FAE04EC0-301F-11D3-BF4B-00C04F79EFBC}") = "MikeRobbins.SUGCON.Beacons.Website.Analytics", "MikeRobbins.SUGCON.Beacons.Website.Analytics\MikeRobbins.SUGCON.Beacons.Website.Analytics.csproj", "{D73AA97C-04EA-438E-A798-490B5E0C4E14}"
EndProject
Global
	GlobalSection(SolutionConfigurationPlatforms) = preSolution
		Debug|Any CPU = Debug|Any CPU
		Debug|ARM = Debug|ARM
		Debug|x64 = Debug|x64
		Debug|x86 = Debug|x86
		Release|Any CPU = Release|Any CPU
		Release|ARM = Release|ARM
		Release|x64 = Release|x64
		Release|x86 = Release|x86
	EndGlobalSection
	GlobalSection(ProjectConfigurationPlatforms) = postSolution
		{49D09924-ACF7-4439-906E-901978FAC1A4}.Debug|Any CPU.ActiveCfg = Debug|Any CPU
		{49D09924-ACF7-4439-906E-901978FAC1A4}.Debug|Any CPU.Build.0 = Debug|Any CPU
		{49D09924-ACF7-4439-906E-901978FAC1A4}.Debug|ARM.ActiveCfg = Debug|Any CPU
		{49D09924-ACF7-4439-906E-901978FAC1A4}.Debug|ARM.Build.0 = Debug|Any CPU
		{49D09924-ACF7-4439-906E-901978FAC1A4}.Debug|x64.ActiveCfg = Debug|Any CPU
		{49D09924-ACF7-4439-906E-901978FAC1A4}.Debug|x64.Build.0 = Debug|Any CPU
		{49D09924-ACF7-4439-906E-901978FAC1A4}.Debug|x86.ActiveCfg = Debug|Any CPU
		{49D09924-ACF7-4439-906E-901978FAC1A4}.Debug|x86.Build.0 = Debug|Any CPU
		{49D09924-ACF7-4439-906E-901978FAC1A4}.Release|Any CPU.ActiveCfg = Release|Any CPU
		{49D09924-ACF7-4439-906E-901978FAC1A4}.Release|Any CPU.Build.0 = Release|Any CPU
		{49D09924-ACF7-4439-906E-901978FAC1A4}.Release|ARM.ActiveCfg = Release|Any CPU
		{49D09924-ACF7-4439-906E-901978FAC1A4}.Release|ARM.Build.0 = Release|Any CPU
		{49D09924-ACF7-4439-906E-901978FAC1A4}.Release|x64.ActiveCfg = Release|Any CPU
		{49D09924-ACF7-4439-906E-901978FAC1A4}.Release|x64.Build.0 = Release|Any CPU
		{49D09924-ACF7-4439-906E-901978FAC1A4}.Release|x86.ActiveCfg = Release|Any CPU
		{49D09924-ACF7-4439-906E-901978FAC1A4}.Release|x86.Build.0 = Release|Any CPU
		{C41B984E-973D-489C-A517-BA6772688C75}.Debug|Any CPU.ActiveCfg = Debug|x86
		{C41B984E-973D-489C-A517-BA6772688C75}.Debug|ARM.ActiveCfg = Debug|ARM
		{C41B984E-973D-489C-A517-BA6772688C75}.Debug|ARM.Build.0 = Debug|ARM
		{C41B984E-973D-489C-A517-BA6772688C75}.Debug|ARM.Deploy.0 = Debug|ARM
		{C41B984E-973D-489C-A517-BA6772688C75}.Debug|x64.ActiveCfg = Debug|x64
		{C41B984E-973D-489C-A517-BA6772688C75}.Debug|x64.Build.0 = Debug|x64
		{C41B984E-973D-489C-A517-BA6772688C75}.Debug|x64.Deploy.0 = Debug|x64
		{C41B984E-973D-489C-A517-BA6772688C75}.Debug|x86.ActiveCfg = Debug|x86
		{C41B984E-973D-489C-A517-BA6772688C75}.Debug|x86.Build.0 = Debug|x86
		{C41B984E-973D-489C-A517-BA6772688C75}.Debug|x86.Deploy.0 = Debug|x86
		{C41B984E-973D-489C-A517-BA6772688C75}.Release|Any CPU.ActiveCfg = Release|x86
		{C41B984E-973D-489C-A517-BA6772688C75}.Release|ARM.ActiveCfg = Release|ARM
		{C41B984E-973D-489C-A517-BA6772688C75}.Release|ARM.Build.0 = Release|ARM
		{C41B984E-973D-489C-A517-BA6772688C75}.Release|ARM.Deploy.0 = Release|ARM
		{C41B984E-973D-489C-A517-BA6772688C75}.Release|x64.ActiveCfg = Release|x64
		{C41B984E-973D-489C-A517-BA6772688C75}.Release|x64.Build.0 = Release|x64
		{C41B984E-973D-489C-A517-BA6772688C75}.Release|x64.Deploy.0 = Release|x64
		{C41B984E-973D-489C-A517-BA6772688C75}.Release|x86.ActiveCfg = Release|x86
		{C41B984E-973D-489C-A517-BA6772688C75}.Release|x86.Build.0 = Release|x86
		{C41B984E-973D-489C-A517-BA6772688C75}.Release|x86.Deploy.0 = Release|x86
		{C28A160F-7816-4C8A-9E27-E7617510F4ED}.Debug|Any CPU.ActiveCfg = Debug|Any CPU
		{C28A160F-7816-4C8A-9E27-E7617510F4ED}.Debug|Any CPU.Build.0 = Debug|Any CPU
		{C28A160F-7816-4C8A-9E27-E7617510F4ED}.Debug|ARM.ActiveCfg = Debug|Any CPU
		{C28A160F-7816-4C8A-9E27-E7617510F4ED}.Debug|ARM.Build.0 = Debug|Any CPU
		{C28A160F-7816-4C8A-9E27-E7617510F4ED}.Debug|x64.ActiveCfg = Debug|Any CPU
		{C28A160F-7816-4C8A-9E27-E7617510F4ED}.Debug|x64.Build.0 = Debug|Any CPU
		{C28A160F-7816-4C8A-9E27-E7617510F4ED}.Debug|x86.ActiveCfg = Debug|Any CPU
		{C28A160F-7816-4C8A-9E27-E7617510F4ED}.Debug|x86.Build.0 = Debug|Any CPU
		{C28A160F-7816-4C8A-9E27-E7617510F4ED}.Release|Any CPU.ActiveCfg = Release|Any CPU
		{C28A160F-7816-4C8A-9E27-E7617510F4ED}.Release|Any CPU.Build.0 = Release|Any CPU
		{C28A160F-7816-4C8A-9E27-E7617510F4ED}.Release|ARM.ActiveCfg = Release|Any CPU
		{C28A160F-7816-4C8A-9E27-E7617510F4ED}.Release|ARM.Build.0 = Release|Any CPU
		{C28A160F-7816-4C8A-9E27-E7617510F4ED}.Release|x64.ActiveCfg = Release|Any CPU
		{C28A160F-7816-4C8A-9E27-E7617510F4ED}.Release|x64.Build.0 = Release|Any CPU
		{C28A160F-7816-4C8A-9E27-E7617510F4ED}.Release|x86.ActiveCfg = Release|Any CPU
		{C28A160F-7816-4C8A-9E27-E7617510F4ED}.Release|x86.Build.0 = Release|Any CPU
		{7566F37E-585D-4F6B-9091-EEC8CFAA763F}.Debug|Any CPU.ActiveCfg = Debug|Any CPU
		{7566F37E-585D-4F6B-9091-EEC8CFAA763F}.Debug|Any CPU.Build.0 = Debug|Any CPU
		{7566F37E-585D-4F6B-9091-EEC8CFAA763F}.Debug|ARM.ActiveCfg = Debug|Any CPU
		{7566F37E-585D-4F6B-9091-EEC8CFAA763F}.Debug|ARM.Build.0 = Debug|Any CPU
		{7566F37E-585D-4F6B-9091-EEC8CFAA763F}.Debug|x64.ActiveCfg = Debug|Any CPU
		{7566F37E-585D-4F6B-9091-EEC8CFAA763F}.Debug|x64.Build.0 = Debug|Any CPU
		{7566F37E-585D-4F6B-9091-EEC8CFAA763F}.Debug|x86.ActiveCfg = Debug|Any CPU
		{7566F37E-585D-4F6B-9091-EEC8CFAA763F}.Debug|x86.Build.0 = Debug|Any CPU
		{7566F37E-585D-4F6B-9091-EEC8CFAA763F}.Release|Any CPU.ActiveCfg = Release|Any CPU
		{7566F37E-585D-4F6B-9091-EEC8CFAA763F}.Release|Any CPU.Build.0 = Release|Any CPU
		{7566F37E-585D-4F6B-9091-EEC8CFAA763F}.Release|ARM.ActiveCfg = Release|Any CPU
		{7566F37E-585D-4F6B-9091-EEC8CFAA763F}.Release|ARM.Build.0 = Release|Any CPU
		{7566F37E-585D-4F6B-9091-EEC8CFAA763F}.Release|x64.ActiveCfg = Release|Any CPU
		{7566F37E-585D-4F6B-9091-EEC8CFAA763F}.Release|x64.Build.0 = Release|Any CPU
		{7566F37E-585D-4F6B-9091-EEC8CFAA763F}.Release|x86.ActiveCfg = Release|Any CPU
		{7566F37E-585D-4F6B-9091-EEC8CFAA763F}.Release|x86.Build.0 = Release|Any CPU
		{3686BC97-FBA6-4E31-BDCD-24BFBE60DE59}.Debug|Any CPU.ActiveCfg = Debug|Any CPU
		{3686BC97-FBA6-4E31-BDCD-24BFBE60DE59}.Debug|Any CPU.Build.0 = Debug|Any CPU
		{3686BC97-FBA6-4E31-BDCD-24BFBE60DE59}.Debug|ARM.ActiveCfg = Debug|Any CPU
		{3686BC97-FBA6-4E31-BDCD-24BFBE60DE59}.Debug|ARM.Build.0 = Debug|Any CPU
		{3686BC97-FBA6-4E31-BDCD-24BFBE60DE59}.Debug|x64.ActiveCfg = Debug|Any CPU
		{3686BC97-FBA6-4E31-BDCD-24BFBE60DE59}.Debug|x64.Build.0 = Debug|Any CPU
		{3686BC97-FBA6-4E31-BDCD-24BFBE60DE59}.Debug|x86.ActiveCfg = Debug|Any CPU
		{3686BC97-FBA6-4E31-BDCD-24BFBE60DE59}.Debug|x86.Build.0 = Debug|Any CPU
		{3686BC97-FBA6-4E31-BDCD-24BFBE60DE59}.Release|Any CPU.ActiveCfg = Release|Any CPU
		{3686BC97-FBA6-4E31-BDCD-24BFBE60DE59}.Release|Any CPU.Build.0 = Release|Any CPU
		{3686BC97-FBA6-4E31-BDCD-24BFBE60DE59}.Release|ARM.ActiveCfg = Release|Any CPU
		{3686BC97-FBA6-4E31-BDCD-24BFBE60DE59}.Release|ARM.Build.0 = Release|Any CPU
		{3686BC97-FBA6-4E31-BDCD-24BFBE60DE59}.Release|x64.ActiveCfg = Release|Any CPU
		{3686BC97-FBA6-4E31-BDCD-24BFBE60DE59}.Release|x64.Build.0 = Release|Any CPU
		{3686BC97-FBA6-4E31-BDCD-24BFBE60DE59}.Release|x86.ActiveCfg = Release|Any CPU
		{3686BC97-FBA6-4E31-BDCD-24BFBE60DE59}.Release|x86.Build.0 = Release|Any CPU
		{D73AA97C-04EA-438E-A798-490B5E0C4E14}.Debug|Any CPU.ActiveCfg = Debug|Any CPU
		{D73AA97C-04EA-438E-A798-490B5E0C4E14}.Debug|Any CPU.Build.0 = Debug|Any CPU
		{D73AA97C-04EA-438E-A798-490B5E0C4E14}.Debug|ARM.ActiveCfg = Debug|Any CPU
		{D73AA97C-04EA-438E-A798-490B5E0C4E14}.Debug|ARM.Build.0 = Debug|Any CPU
		{D73AA97C-04EA-438E-A798-490B5E0C4E14}.Debug|x64.ActiveCfg = Debug|Any CPU
		{D73AA97C-04EA-438E-A798-490B5E0C4E14}.Debug|x64.Build.0 = Debug|Any CPU
		{D73AA97C-04EA-438E-A798-490B5E0C4E14}.Debug|x86.ActiveCfg = Debug|Any CPU
		{D73AA97C-04EA-438E-A798-490B5E0C4E14}.Debug|x86.Build.0 = Debug|Any CPU
		{D73AA97C-04EA-438E-A798-490B5E0C4E14}.Release|Any CPU.ActiveCfg = Release|Any CPU
		{D73AA97C-04EA-438E-A798-490B5E0C4E14}.Release|Any CPU.Build.0 = Release|Any CPU
		{D73AA97C-04EA-438E-A798-490B5E0C4E14}.Release|ARM.ActiveCfg = Release|Any CPU
		{D73AA97C-04EA-438E-A798-490B5E0C4E14}.Release|ARM.Build.0 = Release|Any CPU
		{D73AA97C-04EA-438E-A798-490B5E0C4E14}.Release|x64.ActiveCfg = Release|Any CPU
		{D73AA97C-04EA-438E-A798-490B5E0C4E14}.Release|x64.Build.0 = Release|Any CPU
		{D73AA97C-04EA-438E-A798-490B5E0C4E14}.Release|x86.ActiveCfg = Release|Any CPU
		{D73AA97C-04EA-438E-A798-490B5E0C4E14}.Release|x86.Build.0 = Release|Any CPU
	EndGlobalSection
	GlobalSection(SolutionProperties) = preSolution
		HideSolutionNode = FALSE
	EndGlobalSection
	GlobalSection(NestedProjects) = preSolution
		{49D09924-ACF7-4439-906E-901978FAC1A4} = {7AA5E349-0157-459D-A5BD-D04829B3036C}
		{C41B984E-973D-489C-A517-BA6772688C75} = {7AA5E349-0157-459D-A5BD-D04829B3036C}
		{C28A160F-7816-4C8A-9E27-E7617510F4ED} = {7AA5E349-0157-459D-A5BD-D04829B3036C}
		{883256A2-5CC3-4722-B89A-29D1EC855753} = {E9F1B562-A080-4CA2-B2E7-1B57D6CA7D7D}
		{7AA5E349-0157-459D-A5BD-D04829B3036C} = {E9F1B562-A080-4CA2-B2E7-1B57D6CA7D7D}
		{5CC61618-EDD1-4889-A0EA-ABDD7F5F8C21} = {E9F1B562-A080-4CA2-B2E7-1B57D6CA7D7D}
		{7566F37E-585D-4F6B-9091-EEC8CFAA763F} = {883256A2-5CC3-4722-B89A-29D1EC855753}
		{3686BC97-FBA6-4E31-BDCD-24BFBE60DE59} = {5CC61618-EDD1-4889-A0EA-ABDD7F5F8C21}
		{D73AA97C-04EA-438E-A798-490B5E0C4E14} = {883256A2-5CC3-4722-B89A-29D1EC855753}
	EndGlobalSection
EndGlobal
