
Microsoft Visual Studio Solution File, Format Version 12.00
# Visual Studio 14
VisualStudioVersion = 14.0.24720.0
MinimumVisualStudioVersion = 10.0.40219.1
Project("{FAE04EC0-301F-11D3-BF4B-00C04F79EFBC}") = "MikeRobbins.SUGCON.Beacons.Website", "MikeRobbins.SUGCON.Beacons\MikeRobbins.SUGCON.Beacons.Website.csproj", "{49D09924-ACF7-4439-906E-901978FAC1A4}"
EndProject
Project("{FAE04EC0-301F-11D3-BF4B-00C04F79EFBC}") = "MikeRobbins.SUGCON.Beacons.Kiosk", "MikeRobbins.SUGCON.Beacons.Kiosk\MikeRobbins.SUGCON.Beacons.Kiosk.csproj", "{C41B984E-973D-489C-A517-BA6772688C75}"
EndProject
Project("{FAE04EC0-301F-11D3-BF4B-00C04F79EFBC}") = "MikeRobbins.SUGCON.Beacons.Proxy", "MikeRobbins.SUGCON.Beacons.Proxy\MikeRobbins.SUGCON.Beacons.Proxy.csproj", "{C28A160F-7816-4C8A-9E27-E7617510F4ED}"
EndProject
Project("{FAE04EC0-301F-11D3-BF4B-00C04F79EFBC}") = "MikeRobbins.SUGCON.Beacons.Website.Cms", "MikeRobbins.SUGCON.Beacons.Website.Cms\MikeRobbins.SUGCON.Beacons.Website.Cms.csproj", "{099A4F99-F7A5-48E6-9935-84998BCC1DA9}"
EndProject
Global
	GlobalSection(SolutionConfigurationPlatforms) = preSolution
		Debug|Any CPU = Debug|Any CPU
		Debug|ARM = Debug|ARM
		Debug|x64 = Debug|x64
		Debug|x86 = Debug|x86
		Release|Any CPU = Release|Any CPU
		Release|ARM = Release|ARM
		Release|x64 = Release|x64
		Release|x86 = Release|x86
	EndGlobalSection
	GlobalSection(ProjectConfigurationPlatforms) = postSolution
		{49D09924-ACF7-4439-906E-901978FAC1A4}.Debug|Any CPU.ActiveCfg = Debug|Any CPU
		{49D09924-ACF7-4439-906E-901978FAC1A4}.Debug|Any CPU.Build.0 = Debug|Any CPU
		{49D09924-ACF7-4439-906E-901978FAC1A4}.Debug|ARM.ActiveCfg = Debug|Any CPU
		{49D09924-ACF7-4439-906E-901978FAC1A4}.Debug|ARM.Build.0 = Debug|Any CPU
		{49D09924-ACF7-4439-906E-901978FAC1A4}.Debug|x64.ActiveCfg = Debug|Any CPU
		{49D09924-ACF7-4439-906E-901978FAC1A4}.Debug|x64.Build.0 = Debug|Any CPU
		{49D09924-ACF7-4439-906E-901978FAC1A4}.Debug|x86.ActiveCfg = Debug|Any CPU
		{49D09924-ACF7-4439-906E-901978FAC1A4}.Debug|x86.Build.0 = Debug|Any CPU
		{49D09924-ACF7-4439-906E-901978FAC1A4}.Release|Any CPU.ActiveCfg = Release|Any CPU
		{49D09924-ACF7-4439-906E-901978FAC1A4}.Release|Any CPU.Build.0 = Release|Any CPU
		{49D09924-ACF7-4439-906E-901978FAC1A4}.Release|ARM.ActiveCfg = Release|Any CPU
		{49D09924-ACF7-4439-906E-901978FAC1A4}.Release|ARM.Build.0 = Release|Any CPU
		{49D09924-ACF7-4439-906E-901978FAC1A4}.Release|x64.ActiveCfg = Release|Any CPU
		{49D09924-ACF7-4439-906E-901978FAC1A4}.Release|x64.Build.0 = Release|Any CPU
		{49D09924-ACF7-4439-906E-901978FAC1A4}.Release|x86.ActiveCfg = Release|Any CPU
		{49D09924-ACF7-4439-906E-901978FAC1A4}.Release|x86.Build.0 = Release|Any CPU
		{C41B984E-973D-489C-A517-BA6772688C75}.Debug|Any CPU.ActiveCfg = Debug|x86
		{C41B984E-973D-489C-A517-BA6772688C75}.Debug|ARM.ActiveCfg = Debug|ARM
		{C41B984E-973D-489C-A517-BA6772688C75}.Debug|ARM.Build.0 = Debug|ARM
		{C41B984E-973D-489C-A517-BA6772688C75}.Debug|ARM.Deploy.0 = Debug|ARM
		{C41B984E-973D-489C-A517-BA6772688C75}.Debug|x64.ActiveCfg = Debug|x64
		{C41B984E-973D-489C-A517-BA6772688C75}.Debug|x64.Build.0 = Debug|x64
		{C41B984E-973D-489C-A517-BA6772688C75}.Debug|x64.Deploy.0 = Debug|x64
		{C41B984E-973D-489C-A517-BA6772688C75}.Debug|x86.ActiveCfg = Debug|x86
		{C41B984E-973D-489C-A517-BA6772688C75}.Debug|x86.Build.0 = Debug|x86
		{C41B984E-973D-489C-A517-BA6772688C75}.Debug|x86.Deploy.0 = Debug|x86
		{C41B984E-973D-489C-A517-BA6772688C75}.Release|Any CPU.ActiveCfg = Release|x86
		{C41B984E-973D-489C-A517-BA6772688C75}.Release|ARM.ActiveCfg = Release|ARM
		{C41B984E-973D-489C-A517-BA6772688C75}.Release|ARM.Build.0 = Release|ARM
		{C41B984E-973D-489C-A517-BA6772688C75}.Release|ARM.Deploy.0 = Release|ARM
		{C41B984E-973D-489C-A517-BA6772688C75}.Release|x64.ActiveCfg = Release|x64
		{C41B984E-973D-489C-A517-BA6772688C75}.Release|x64.Build.0 = Release|x64
		{C41B984E-973D-489C-A517-BA6772688C75}.Release|x64.Deploy.0 = Release|x64
		{C41B984E-973D-489C-A517-BA6772688C75}.Release|x86.ActiveCfg = Release|x86
		{C41B984E-973D-489C-A517-BA6772688C75}.Release|x86.Build.0 = Release|x86
		{C41B984E-973D-489C-A517-BA6772688C75}.Release|x86.Deploy.0 = Release|x86
		{C28A160F-7816-4C8A-9E27-E7617510F4ED}.Debug|Any CPU.ActiveCfg = Debug|Any CPU
		{C28A160F-7816-4C8A-9E27-E7617510F4ED}.Debug|Any CPU.Build.0 = Debug|Any CPU
		{C28A160F-7816-4C8A-9E27-E7617510F4ED}.Debug|ARM.ActiveCfg = Debug|Any CPU
		{C28A160F-7816-4C8A-9E27-E7617510F4ED}.Debug|ARM.Build.0 = Debug|Any CPU
		{C28A160F-7816-4C8A-9E27-E7617510F4ED}.Debug|x64.ActiveCfg = Debug|Any CPU
		{C28A160F-7816-4C8A-9E27-E7617510F4ED}.Debug|x64.Build.0 = Debug|Any CPU
		{C28A160F-7816-4C8A-9E27-E7617510F4ED}.Debug|x86.ActiveCfg = Debug|Any CPU
		{C28A160F-7816-4C8A-9E27-E7617510F4ED}.Debug|x86.Build.0 = Debug|Any CPU
		{C28A160F-7816-4C8A-9E27-E7617510F4ED}.Release|Any CPU.ActiveCfg = Release|Any CPU
		{C28A160F-7816-4C8A-9E27-E7617510F4ED}.Release|Any CPU.Build.0 = Release|Any CPU
		{C28A160F-7816-4C8A-9E27-E7617510F4ED}.Release|ARM.ActiveCfg = Release|Any CPU
		{C28A160F-7816-4C8A-9E27-E7617510F4ED}.Release|ARM.Build.0 = Release|Any CPU
		{C28A160F-7816-4C8A-9E27-E7617510F4ED}.Release|x64.ActiveCfg = Release|Any CPU
		{C28A160F-7816-4C8A-9E27-E7617510F4ED}.Release|x64.Build.0 = Release|Any CPU
		{C28A160F-7816-4C8A-9E27-E7617510F4ED}.Release|x86.ActiveCfg = Release|Any CPU
		{C28A160F-7816-4C8A-9E27-E7617510F4ED}.Release|x86.Build.0 = Release|Any CPU
		{099A4F99-F7A5-48E6-9935-84998BCC1DA9}.Debug|Any CPU.ActiveCfg = Debug|Any CPU
		{099A4F99-F7A5-48E6-9935-84998BCC1DA9}.Debug|Any CPU.Build.0 = Debug|Any CPU
		{099A4F99-F7A5-48E6-9935-84998BCC1DA9}.Debug|ARM.ActiveCfg = Debug|Any CPU
		{099A4F99-F7A5-48E6-9935-84998BCC1DA9}.Debug|ARM.Build.0 = Debug|Any CPU
		{099A4F99-F7A5-48E6-9935-84998BCC1DA9}.Debug|x64.ActiveCfg = Debug|Any CPU
		{099A4F99-F7A5-48E6-9935-84998BCC1DA9}.Debug|x64.Build.0 = Debug|Any CPU
		{099A4F99-F7A5-48E6-9935-84998BCC1DA9}.Debug|x86.ActiveCfg = Debug|Any CPU
		{099A4F99-F7A5-48E6-9935-84998BCC1DA9}.Debug|x86.Build.0 = Debug|Any CPU
		{099A4F99-F7A5-48E6-9935-84998BCC1DA9}.Release|Any CPU.ActiveCfg = Release|Any CPU
		{099A4F99-F7A5-48E6-9935-84998BCC1DA9}.Release|Any CPU.Build.0 = Release|Any CPU
		{099A4F99-F7A5-48E6-9935-84998BCC1DA9}.Release|ARM.ActiveCfg = Release|Any CPU
		{099A4F99-F7A5-48E6-9935-84998BCC1DA9}.Release|ARM.Build.0 = Release|Any CPU
		{099A4F99-F7A5-48E6-9935-84998BCC1DA9}.Release|x64.ActiveCfg = Release|Any CPU
		{099A4F99-F7A5-48E6-9935-84998BCC1DA9}.Release|x64.Build.0 = Release|Any CPU
		{099A4F99-F7A5-48E6-9935-84998BCC1DA9}.Release|x86.ActiveCfg = Release|Any CPU
		{099A4F99-F7A5-48E6-9935-84998BCC1DA9}.Release|x86.Build.0 = Release|Any CPU
	EndGlobalSection
	GlobalSection(SolutionProperties) = preSolution
		HideSolutionNode = FALSE
	EndGlobalSection
EndGlobal
